// !$*UTF8*$!
{
	archiveVersion = 1;
	classes = {
	};
	objectVersion = 46;
	objects = {

/* Begin PBXBuildFile section */
		4A8D0E2A193E293B0099B851 /* AppDelegate.swift in Sources */ = {isa = PBXBuildFile; fileRef = 4A8D0E29193E293B0099B851 /* AppDelegate.swift */; };
		4A8D0E2C193E293B0099B851 /* ViewController.swift in Sources */ = {isa = PBXBuildFile; fileRef = 4A8D0E2B193E293B0099B851 /* ViewController.swift */; };
		4A8D0E2F193E293B0099B851 /* Main.storyboard in Resources */ = {isa = PBXBuildFile; fileRef = 4A8D0E2D193E293B0099B851 /* Main.storyboard */; };
		4A8D0E31193E293B0099B851 /* Images.xcassets in Resources */ = {isa = PBXBuildFile; fileRef = 4A8D0E30193E293B0099B851 /* Images.xcassets */; };
		4A8D0E3D193E293B0099B851 /* MyFirstCountAppTests.swift in Sources */ = {isa = PBXBuildFile; fileRef = 4A8D0E3C193E293B0099B851 /* MyFirstCountAppTests.swift */; };
/* End PBXBuildFile section */

/* Begin PBXContainerItemProxy section */
		4A8D0E37193E293B0099B851 /* PBXContainerItemProxy */ = {
			isa = PBXContainerItemProxy;
			containerPortal = 4A8D0E1C193E293B0099B851 /* Project object */;
			proxyType = 1;
			remoteGlobalIDString = 4A8D0E23193E293B0099B851;
			remoteInfo = MyFirstCountApp;
		};
/* End PBXContainerItemProxy section */

/* Begin PBXFileReference section */
		4A8D0E24193E293B0099B851 /* MyFirstCountApp.app */ = {isa = PBXFileReference; explicitFileType = wrapper.application; includeInIndex = 0; path = MyFirstCountApp.app; sourceTree = BUILT_PRODUCTS_DIR; };
		4A8D0E28193E293B0099B851 /* Info.plist */ = {isa = PBXFileReference; lastKnownFileType = text.plist.xml; path = Info.plist; sourceTree = "<group>"; };
		4A8D0E29193E293B0099B851 /* AppDelegate.swift */ = {isa = PBXFileReference; lastKnownFileType = sourcecode.swift; path = AppDelegate.swift; sourceTree = "<group>"; };
		4A8D0E2B193E293B0099B851 /* ViewController.swift */ = {isa = PBXFileReference; lastKnownFileType = sourcecode.swift; path = ViewController.swift; sourceTree = "<group>"; };
		4A8D0E2E193E293B0099B851 /* Base */ = {isa = PBXFileReference; lastKnownFileType = file.storyboard; name = Base; path = Base.lproj/Main.storyboard; sourceTree = "<group>"; };
		4A8D0E30193E293B0099B851 /* Images.xcassets */ = {isa = PBXFileReference; lastKnownFileType = folder.assetcatalog; path = Images.xcassets; sourceTree = "<group>"; };
		4A8D0E36193E293B0099B851 /* MyFirstCountAppTests.xctest */ = {isa = PBXFileReference; explicitFileType = wrapper.cfbundle; includeInIndex = 0; path = MyFirstCountAppTests.xctest; sourceTree = BUILT_PRODUCTS_DIR; };
		4A8D0E3B193E293B0099B851 /* Info.plist */ = {isa = PBXFileReference; lastKnownFileType = text.plist.xml; path = Info.plist; sourceTree = "<group>"; };
		4A8D0E3C193E293B0099B851 /* MyFirstCountAppTests.swift */ = {isa = PBXFileReference; lastKnownFileType = sourcecode.swift; path = MyFirstCountAppTests.swift; sourceTree = "<group>"; };
/* End PBXFileReference section */

/* Begin PBXFrameworksBuildPhase section */
		4A8D0E21193E293B0099B851 /* Frameworks */ = {
			isa = PBXFrameworksBuildPhase;
			buildActionMask = 2147483647;
			files = (
			);
			runOnlyForDeploymentPostprocessing = 0;
		};
		4A8D0E33193E293B0099B851 /* Frameworks */ = {
			isa = PBXFrameworksBuildPhase;
			buildActionMask = 2147483647;
			files = (
			);
			runOnlyForDeploymentPostprocessing = 0;
		};
/* End PBXFrameworksBuildPhase section */

/* Begin PBXGroup section */
		4A8D0E1B193E293B0099B851 = {
			isa = PBXGroup;
			children = (
				4A8D0E26193E293B0099B851 /* MyFirstCountApp */,
				4A8D0E39193E293B0099B851 /* MyFirstCountAppTests */,
				4A8D0E25193E293B0099B851 /* Products */,
			);
			sourceTree = "<group>";
		};
		4A8D0E25193E293B0099B851 /* Products */ = {
			isa = PBXGroup;
			children = (
				4A8D0E24193E293B0099B851 /* MyFirstCountApp.app */,
				4A8D0E36193E293B0099B851 /* MyFirstCountAppTests.xctest */,
			);
			name = Products;
			sourceTree = "<group>";
		};
		4A8D0E26193E293B0099B851 /* MyFirstCountApp */ = {
			isa = PBXGroup;
			children = (
				4A8D0E29193E293B0099B851 /* AppDelegate.swift */,
				4A8D0E2B193E293B0099B851 /* ViewController.swift */,
				4A8D0E2D193E293B0099B851 /* Main.storyboard */,
				4A8D0E30193E293B0099B851 /* Images.xcassets */,
				4A8D0E27193E293B0099B851 /* Supporting Files */,
			);
			path = MyFirstCountApp;
			sourceTree = "<group>";
		};
		4A8D0E27193E293B0099B851 /* Supporting Files */ = {
			isa = PBXGroup;
			children = (
				4A8D0E28193E293B0099B851 /* Info.plist */,
			);
			name = "Supporting Files";
			sourceTree = "<group>";
		};
		4A8D0E39193E293B0099B851 /* MyFirstCountAppTests */ = {
			isa = PBXGroup;
			children = (
				4A8D0E3C193E293B0099B851 /* MyFirstCountAppTests.swift */,
				4A8D0E3A193E293B0099B851 /* Supporting Files */,
			);
			path = MyFirstCountAppTests;
			sourceTree = "<group>";
		};
		4A8D0E3A193E293B0099B851 /* Supporting Files */ = {
			isa = PBXGroup;
			children = (
				4A8D0E3B193E293B0099B851 /* Info.plist */,
			);
			name = "Supporting Files";
			sourceTree = "<group>";
		};
/* End PBXGroup section */

/* Begin PBXNativeTarget section */
		4A8D0E23193E293B0099B851 /* MyFirstCountApp */ = {
			isa = PBXNativeTarget;
			buildConfigurationList = 4A8D0E40193E293B0099B851 /* Build configuration list for PBXNativeTarget "MyFirstCountApp" */;
			buildPhases = (
				4A8D0E20193E293B0099B851 /* Sources */,
				4A8D0E21193E293B0099B851 /* Frameworks */,
				4A8D0E22193E293B0099B851 /* Resources */,
			);
			buildRules = (
			);
			dependencies = (
			);
			name = MyFirstCountApp;
			productName = MyFirstCountApp;
			productReference = 4A8D0E24193E293B0099B851 /* MyFirstCountApp.app */;
			productType = "com.apple.product-type.application";
		};
		4A8D0E35193E293B0099B851 /* MyFirstCountAppTests */ = {
			isa = PBXNativeTarget;
			buildConfigurationList = 4A8D0E43193E293B0099B851 /* Build configuration list for PBXNativeTarget "MyFirstCountAppTests" */;
			buildPhases = (
				4A8D0E32193E293B0099B851 /* Sources */,
				4A8D0E33193E293B0099B851 /* Frameworks */,
				4A8D0E34193E293B0099B851 /* Resources */,
			);
			buildRules = (
			);
			dependencies = (
				4A8D0E38193E293B0099B851 /* PBXTargetDependency */,
			);
			name = MyFirstCountAppTests;
			productName = MyFirstCountAppTests;
			productReference = 4A8D0E36193E293B0099B851 /* MyFirstCountAppTests.xctest */;
			productType = "com.apple.product-type.bundle.unit-test";
		};
/* End PBXNativeTarget section */

/* Begin PBXProject section */
		4A8D0E1C193E293B0099B851 /* Project object */ = {
			isa = PBXProject;
			attributes = {
				LastUpgradeCheck = 0600;
				ORGANIZATIONNAME = Tommy;
				TargetAttributes = {
					4A8D0E23193E293B0099B851 = {
						CreatedOnToolsVersion = 6.0;
					};
					4A8D0E35193E293B0099B851 = {
						CreatedOnToolsVersion = 6.0;
						TestTargetID = 4A8D0E23193E293B0099B851;
					};
				};
			};
			buildConfigurationList = 4A8D0E1F193E293B0099B851 /* Build configuration list for PBXProject "MyFirstCountApp" */;
			compatibilityVersion = "Xcode 3.2";
			developmentRegion = English;
			hasScannedForEncodings = 0;
			knownRegions = (
				en,
				Base,
			);
			mainGroup = 4A8D0E1B193E293B0099B851;
			productRefGroup = 4A8D0E25193E293B0099B851 /* Products */;
			projectDirPath = "";
			projectRoot = "";
			targets = (
				4A8D0E23193E293B0099B851 /* MyFirstCountApp */,
				4A8D0E35193E293B0099B851 /* MyFirstCountAppTests */,
			);
		};
/* End PBXProject section */

/* Begin PBXResourcesBuildPhase section */
		4A8D0E22193E293B0099B851 /* Resources */ = {
			isa = PBXResourcesBuildPhase;
			buildActionMask = 2147483647;
			files = (
				4A8D0E2F193E293B0099B851 /* Main.storyboard in Resources */,
				4A8D0E31193E293B0099B851 /* Images.xcassets in Resources */,
			);
			runOnlyForDeploymentPostprocessing = 0;
		};
		4A8D0E34193E293B0099B851 /* Resources */ = {
			isa = PBXResourcesBuildPhase;
			buildActionMask = 2147483647;
			files = (
			);
			runOnlyForDeploymentPostprocessing = 0;
		};
/* End PBXResourcesBuildPhase section */

/* Begin PBXSourcesBuildPhase section */
		4A8D0E20193E293B0099B851 /* Sources */ = {
			isa = PBXSourcesBuildPhase;
			buildActionMask = 2147483647;
			files = (
				4A8D0E2C193E293B0099B851 /* ViewController.swift in Sources */,
				4A8D0E2A193E293B0099B851 /* AppDelegate.swift in Sources */,
			);
			runOnlyForDeploymentPostprocessing = 0;
		};
		4A8D0E32193E293B0099B851 /* Sources */ = {
			isa = PBXSourcesBuildPhase;
			buildActionMask = 2147483647;
			files = (
				4A8D0E3D193E293B0099B851 /* MyFirstCountAppTests.swift in Sources */,
			);
			runOnlyForDeploymentPostprocessing = 0;
		};
/* End PBXSourcesBuildPhase section */

/* Begin PBXTargetDependency section */
		4A8D0E38193E293B0099B851 /* PBXTargetDependency */ = {
			isa = PBXTargetDependency;
			target = 4A8D0E23193E293B0099B851 /* MyFirstCountApp */;
			targetProxy = 4A8D0E37193E293B0099B851 /* PBXContainerItemProxy */;
		};
/* End PBXTargetDependency section */

/* Begin PBXVariantGroup section */
		4A8D0E2D193E293B0099B851 /* Main.storyboard */ = {
			isa = PBXVariantGroup;
			children = (
				4A8D0E2E193E293B0099B851 /* Base */,
			);
			name = Main.storyboard;
			sourceTree = "<group>";
		};
/* End PBXVariantGroup section */

/* Begin XCBuildConfiguration section */
		4A8D0E3E193E293B0099B851 /* Debug */ = {
			isa = XCBuildConfiguration;
			buildSettings = {
				ALWAYS_SEARCH_USER_PATHS = NO;
				CLANG_CXX_LANGUAGE_STANDARD = "gnu++0x";
				CLANG_CXX_LIBRARY = "libc++";
				CLANG_ENABLE_MODULES = YES;
				CLANG_ENABLE_OBJC_ARC = YES;
				CLANG_WARN_BOOL_CONVERSION = YES;
				CLANG_WARN_CONSTANT_CONVERSION = YES;
				CLANG_WARN_DIRECT_OBJC_ISA_USAGE = YES_ERROR;
				CLANG_WARN_EMPTY_BODY = YES;
				CLANG_WARN_ENUM_CONVERSION = YES;
				CLANG_WARN_INT_CONVERSION = YES;
				CLANG_WARN_OBJC_ROOT_CLASS = YES_ERROR;
				CLANG_WARN_UNREACHABLE_CODE = YES;
				CLANG_WARN__DUPLICATE_METHOD_MATCH = YES;
				"CODE_SIGN_IDENTITY[sdk=iphoneos*]" = "iPhone Developer";
				COPY_PHASE_STRIP = NO;
				ENABLE_STRICT_OBJC_MSGSEND = YES;
				GCC_C_LANGUAGE_STANDARD = gnu99;
				GCC_DYNAMIC_NO_PIC = NO;
				GCC_OPTIMIZATION_LEVEL = 0;
				GCC_PREPROCESSOR_DEFINITIONS = (
					"DEBUG=1",
					"$(inherited)",
				);
				GCC_SYMBOLS_PRIVATE_EXTERN = NO;
				GCC_WARN_64_TO_32_BIT_CONVERSION = YES;
				GCC_WARN_ABOUT_RETURN_TYPE = YES_ERROR;
				GCC_WARN_UNDECLARED_SELECTOR = YES;
				GCC_WARN_UNINITIALIZED_AUTOS = YES_AGGRESSIVE;
				GCC_WARN_UNUSED_FUNCTION = YES;
				GCC_WARN_UNUSED_VARIABLE = YES;
				IPHONEOS_DEPLOYMENT_TARGET = 8.0;
				METAL_ENABLE_DEBUG_INFO = YES;
				ONLY_ACTIVE_ARCH = YES;
				SDKROOT = iphoneos;
				SWIFT_OPTIMIZATION_LEVEL = "-Onone";
			};
			name = Debug;
		};
		4A8D0E3F193E293B0099B851 /* Release */ = {
			isa = XCBuildConfiguration;
			buildSettings = {
				ALWAYS_SEARCH_USER_PATHS = NO;
				CLANG_CXX_LANGUAGE_STANDARD = "gnu++0x";
				CLANG_CXX_LIBRARY = "libc++";
				CLANG_ENABLE_MODULES = YES;
				CLANG_ENABLE_OBJC_ARC = YES;
				CLANG_WARN_BOOL_CONVERSION = YES;
				CLANG_WARN_CONSTANT_CONVERSION = YES;
				CLANG_WARN_DIRECT_OBJC_ISA_USAGE = YES_ERROR;
				CLANG_WARN_EMPTY_BODY = YES;
				CLANG_WARN_ENUM_CONVERSION = YES;
				CLANG_WARN_INT_CONVERSION = YES;
				CLANG_WARN_OBJC_ROOT_CLASS = YES_ERROR;
				CLANG_WARN_UNREACHABLE_CODE = YES;
				CLANG_WARN__DUPLICATE_METHOD_MATCH = YES;
				"CODE_SIGN_IDENTITY[sdk=iphoneos*]" = "iPhone Developer";
				COPY_PHASE_STRIP = YES;
				ENABLE_NS_ASSERTIONS = NO;
				ENABLE_STRICT_OBJC_MSGSEND = YES;
				GCC_C_LANGUAGE_STANDARD = gnu99;
				GCC_WARN_64_TO_32_BIT_CONVERSION = YES;
				GCC_WARN_ABOUT_RETURN_TYPE = YES_ERROR;
				GCC_WARN_UNDECLARED_SELECTOR = YES;
				GCC_WARN_UNINITIALIZED_AUTOS = YES_AGGRESSIVE;
				GCC_WARN_UNUSED_FUNCTION = YES;
				GCC_WARN_UNUSED_VARIABLE = YES;
				IPHONEOS_DEPLOYMENT_TARGET = 8.0;
				METAL_ENABLE_DEBUG_INFO = NO;
				SDKROOT = iphoneos;
				VALIDATE_PRODUCT = YES;
			};
			name = Release;
		};
		4A8D0E41193E293B0099B851 /* Debug */ = {
			isa = XCBuildConfiguration;
			buildSettings = {
				ASSETCATALOG_COMPILER_APPICON_NAME = AppIcon;
				ASSETCATALOG_COMPILER_LAUNCHIMAGE_NAME = LaunchImage;
				INFOPLIST_FILE = MyFirstCountApp/Info.plist;
				LD_RUNPATH_SEARCH_PATHS = "$(inherited) @executable_path/Frameworks";
				PRODUCT_NAME = "$(TARGET_NAME)";
			};
			name = Debug;
		};
		4A8D0E42193E293B0099B851 /* Release */ = {
			isa = XCBuildConfiguration;
			buildSettings = {
				ASSETCATALOG_COMPILER_APPICON_NAME = AppIcon;
				ASSETCATALOG_COMPILER_LAUNCHIMAGE_NAME = LaunchImage;
				INFOPLIST_FILE = MyFirstCountApp/Info.plist;
				LD_RUNPATH_SEARCH_PATHS = "$(inherited) @executable_path/Frameworks";
				PRODUCT_NAME = "$(TARGET_NAME)";
			};
			name = Release;
		};
		4A8D0E44193E293B0099B851 /* Debug */ = {
			isa = XCBuildConfiguration;
			buildSettings = {
				BUNDLE_LOADER = "$(BUILT_PRODUCTS_DIR)/MyFirstCountApp.app/MyFirstCountApp";
				FRAMEWORK_SEARCH_PATHS = (
					"$(SDKROOT)/Developer/Library/Frameworks",
					"$(inherited)",
				);
				GCC_PREPROCESSOR_DEFINITIONS = (
					"DEBUG=1",
					"$(inherited)",
				);
				INFOPLIST_FILE = MyFirstCountAppTests/Info.plist;
				LD_RUNPATH_SEARCH_PATHS = "$(inherited) @executable_path/Frameworks @loader_path/Frameworks";
				METAL_ENABLE_DEBUG_INFO = YES;
				PRODUCT_NAME = "$(TARGET_NAME)";
				TEST_HOST = "$(BUNDLE_LOADER)";
			};
			name = Debug;
		};
		4A8D0E45193E293B0099B851 /* Release */ = {
			isa = XCBuildConfiguration;
			buildSettings = {
				BUNDLE_LOADER = "$(BUILT_PRODUCTS_DIR)/MyFirstCountApp.app/MyFirstCountApp";
				FRAMEWORK_SEARCH_PATHS = (
					"$(SDKROOT)/Developer/Library/Frameworks",
					"$(inherited)",
				);
				INFOPLIST_FILE = MyFirstCountAppTests/Info.plist;
				LD_RUNPATH_SEARCH_PATHS = "$(inherited) @executable_path/Frameworks @loader_path/Frameworks";
				METAL_ENABLE_DEBUG_INFO = NO;
				PRODUCT_NAME = "$(TARGET_NAME)";
				TEST_HOST = "$(BUNDLE_LOADER)";
			};
			name = Release;
		};
/* End XCBuildConfiguration section */

/* Begin XCConfigurationList section */
		4A8D0E1F193E293B0099B851 /* Build configuration list for PBXProject "MyFirstCountApp" */ = {
			isa = XCConfigurationList;
			buildConfigurations = (
				4A8D0E3E193E293B0099B851 /* Debug */,
				4A8D0E3F193E293B0099B851 /* Release */,
			);
			defaultConfigurationIsVisible = 0;
			defaultConfigurationName = Release;
		};
		4A8D0E40193E293B0099B851 /* Build configuration list for PBXNativeTarget "MyFirstCountApp" */ = {
			isa = XCConfigurationList;
			buildConfigurations = (
				4A8D0E41193E293B0099B851 /* Debug */,
				4A8D0E42193E293B0099B851 /* Release */,
			);
			defaultConfigurationIsVisible = 0;
		};
		4A8D0E43193E293B0099B851 /* Build configuration list for PBXNativeTarget "MyFirstCountAppTests" */ = {
			isa = XCConfigurationList;
			buildConfigurations = (
				4A8D0E44193E293B0099B851 /* Debug */,
				4A8D0E45193E293B0099B851 /* Release */,
			);
			defaultConfigurationIsVisible = 0;
		};
/* End XCConfigurationList section */
	};
	rootObject = 4A8D0E1C193E293B0099B851 /* Project object */;
}
